
Microsoft Visual Studio Solution File, Format Version 12.00
# Visual Studio Version 17
VisualStudioVersion = 17.1.32421.90
MinimumVisualStudioVersion = 10.0.40219.1
Project("{FAE04EC0-301F-11D3-BF4B-00C04F79EFBC}") = "Simplecheckerexemple", "Simplecheckerexemple\Simplecheckerexemple.csproj", "{C182A195-1511-4639-A684-9C910B875454}"
EndProject
Global
	GlobalSection(SolutionConfigurationPlatforms) = preSolution
		Debug|Any CPU = Debug|Any CPU
		Release|Any CPU = Release|Any CPU
	EndGlobalSection
	GlobalSection(ProjectConfigurationPlatforms) = postSolution
		{C182A195-1511-4639-A684-9C910B875454}.Debug|Any CPU.ActiveCfg = Debug|Any CPU
		{C182A195-1511-4639-A684-9C910B875454}.Debug|Any CPU.Build.0 = Debug|Any CPU
		{C182A195-1511-4639-A684-9C910B875454}.Release|Any CPU.ActiveCfg = Release|Any CPU
		{C182A195-1511-4639-A684-9C910B875454}.Release|Any CPU.Build.0 = Release|Any CPU
	EndGlobalSection
	GlobalSection(SolutionProperties) = preSolution
		HideSolutionNode = FALSE
	EndGlobalSection
	GlobalSection(ExtensibilityGlobals) = postSolution
		SolutionGuid = {8254284E-6A54-4047-B0A5-37AFE107CBD9}
	EndGlobalSection
EndGlobal
